
Microsoft Visual Studio Solution File, Format Version 12.00
# Visual Studio Version 16
VisualStudioVersion = 16.0.31005.135
MinimumVisualStudioVersion = 10.0.40219.1
Project("{FAE04EC0-301F-11D3-BF4B-00C04F79EFBC}") = "APNP3", "APNP3\APNP3.csproj", "{245F2942-EE1C-4F46-9D6C-C2705AE22871}"
EndProject
Global
	GlobalSection(SolutionConfigurationPlatforms) = preSolution
		Debug|Any CPU = Debug|Any CPU
		Release|Any CPU = Release|Any CPU
	EndGlobalSection
	GlobalSection(ProjectConfigurationPlatforms) = postSolution
		{245F2942-EE1C-4F46-9D6C-C2705AE22871}.Debug|Any CPU.ActiveCfg = Debug|Any CPU
		{245F2942-EE1C-4F46-9D6C-C2705AE22871}.Debug|Any CPU.Build.0 = Debug|Any CPU
		{245F2942-EE1C-4F46-9D6C-C2705AE22871}.Release|Any CPU.ActiveCfg = Release|Any CPU
		{245F2942-EE1C-4F46-9D6C-C2705AE22871}.Release|Any CPU.Build.0 = Release|Any CPU
	EndGlobalSection
	GlobalSection(SolutionProperties) = preSolution
		HideSolutionNode = FALSE
	EndGlobalSection
	GlobalSection(ExtensibilityGlobals) = postSolution
		SolutionGuid = {9C520275-FF21-4971-BF96-93427E442CAF}
	EndGlobalSection
EndGlobal
